
Microsoft Visual Studio Solution File, Format Version 12.00
# Visual Studio Version 17
VisualStudioVersion = 17.9.34714.143
MinimumVisualStudioVersion = 10.0.40219.1
Project("{FAE04EC0-301F-11D3-BF4B-00C04F79EFBC}") = "DataFetchingEx", "DataFetchingEx.csproj", "{FC8F3CD9-485F-4E58-9370-20ED88FA3788}"
EndProject
Global
	GlobalSection(SolutionConfigurationPlatforms) = preSolution
		Debug|Any CPU = Debug|Any CPU
		Release|Any CPU = Release|Any CPU
	EndGlobalSection
	GlobalSection(ProjectConfigurationPlatforms) = postSolution
		{FC8F3CD9-485F-4E58-9370-20ED88FA3788}.Debug|Any CPU.ActiveCfg = Debug|Any CPU
		{FC8F3CD9-485F-4E58-9370-20ED88FA3788}.Debug|Any CPU.Build.0 = Debug|Any CPU
		{FC8F3CD9-485F-4E58-9370-20ED88FA3788}.Release|Any CPU.ActiveCfg = Release|Any CPU
		{FC8F3CD9-485F-4E58-9370-20ED88FA3788}.Release|Any CPU.Build.0 = Release|Any CPU
	EndGlobalSection
	GlobalSection(SolutionProperties) = preSolution
		HideSolutionNode = FALSE
	EndGlobalSection
	GlobalSection(ExtensibilityGlobals) = postSolution
		SolutionGuid = {279B5BE5-2A4E-40BC-8F7E-90FDD00D30D8}
	EndGlobalSection
EndGlobal
