
Microsoft Visual Studio Solution File, Format Version 12.00
# Visual Studio Version 17
VisualStudioVersion = 17.9.34714.143
MinimumVisualStudioVersion = 10.0.40219.1
Project("{FAE04EC0-301F-11D3-BF4B-00C04F79EFBC}") = "databaseEx", "databaseEx.csproj", "{577A7C0D-D415-4928-BAFB-38471D37542E}"
EndProject
Global
	GlobalSection(SolutionConfigurationPlatforms) = preSolution
		Debug|Any CPU = Debug|Any CPU
		Release|Any CPU = Release|Any CPU
	EndGlobalSection
	GlobalSection(ProjectConfigurationPlatforms) = postSolution
		{577A7C0D-D415-4928-BAFB-38471D37542E}.Debug|Any CPU.ActiveCfg = Debug|Any CPU
		{577A7C0D-D415-4928-BAFB-38471D37542E}.Debug|Any CPU.Build.0 = Debug|Any CPU
		{577A7C0D-D415-4928-BAFB-38471D37542E}.Release|Any CPU.ActiveCfg = Release|Any CPU
		{577A7C0D-D415-4928-BAFB-38471D37542E}.Release|Any CPU.Build.0 = Release|Any CPU
	EndGlobalSection
	GlobalSection(SolutionProperties) = preSolution
		HideSolutionNode = FALSE
	EndGlobalSection
	GlobalSection(ExtensibilityGlobals) = postSolution
		SolutionGuid = {59F5C35D-EE82-4D83-80F0-E66EFD7DDFDD}
	EndGlobalSection
EndGlobal
