
Microsoft Visual Studio Solution File, Format Version 12.00
# Visual Studio Version 17
VisualStudioVersion = 17.9.34714.143
MinimumVisualStudioVersion = 10.0.40219.1
Project("{FAE04EC0-301F-11D3-BF4B-00C04F79EFBC}") = "Ado.NetApp", "Ado.NetApp.csproj", "{29367105-DDB5-441F-B382-40458A5BC8F7}"
EndProject
Global
	GlobalSection(SolutionConfigurationPlatforms) = preSolution
		Debug|Any CPU = Debug|Any CPU
		Release|Any CPU = Release|Any CPU
	EndGlobalSection
	GlobalSection(ProjectConfigurationPlatforms) = postSolution
		{29367105-DDB5-441F-B382-40458A5BC8F7}.Debug|Any CPU.ActiveCfg = Debug|Any CPU
		{29367105-DDB5-441F-B382-40458A5BC8F7}.Debug|Any CPU.Build.0 = Debug|Any CPU
		{29367105-DDB5-441F-B382-40458A5BC8F7}.Release|Any CPU.ActiveCfg = Release|Any CPU
		{29367105-DDB5-441F-B382-40458A5BC8F7}.Release|Any CPU.Build.0 = Release|Any CPU
	EndGlobalSection
	GlobalSection(SolutionProperties) = preSolution
		HideSolutionNode = FALSE
	EndGlobalSection
	GlobalSection(ExtensibilityGlobals) = postSolution
		SolutionGuid = {1C35C250-A828-47F8-9A55-CC107526845E}
	EndGlobalSection
EndGlobal
