
Microsoft Visual Studio Solution File, Format Version 12.00
# Visual Studio Version 17
VisualStudioVersion = 17.9.34714.143
MinimumVisualStudioVersion = 10.0.40219.1
Project("{FAE04EC0-301F-11D3-BF4B-00C04F79EFBC}") = "CalculatorProject", "CalculatorProject.csproj", "{D3715DFF-7D9E-416A-A195-FD356677E96B}"
EndProject
Global
	GlobalSection(SolutionConfigurationPlatforms) = preSolution
		Debug|Any CPU = Debug|Any CPU
		Release|Any CPU = Release|Any CPU
	EndGlobalSection
	GlobalSection(ProjectConfigurationPlatforms) = postSolution
		{D3715DFF-7D9E-416A-A195-FD356677E96B}.Debug|Any CPU.ActiveCfg = Debug|Any CPU
		{D3715DFF-7D9E-416A-A195-FD356677E96B}.Debug|Any CPU.Build.0 = Debug|Any CPU
		{D3715DFF-7D9E-416A-A195-FD356677E96B}.Release|Any CPU.ActiveCfg = Release|Any CPU
		{D3715DFF-7D9E-416A-A195-FD356677E96B}.Release|Any CPU.Build.0 = Release|Any CPU
	EndGlobalSection
	GlobalSection(SolutionProperties) = preSolution
		HideSolutionNode = FALSE
	EndGlobalSection
	GlobalSection(ExtensibilityGlobals) = postSolution
		SolutionGuid = {EC77E99F-E4A2-4588-99F6-44517D598EDB}
	EndGlobalSection
EndGlobal
