
Microsoft Visual Studio Solution File, Format Version 12.00
# Visual Studio Version 17
VisualStudioVersion = 17.9.34714.143
MinimumVisualStudioVersion = 10.0.40219.1
Project("{FAE04EC0-301F-11D3-BF4B-00C04F79EFBC}") = "MultithreadingEx", "MultithreadingEx.csproj", "{C317CCCE-BA30-4074-933D-45C1C9B0269E}"
EndProject
Global
	GlobalSection(SolutionConfigurationPlatforms) = preSolution
		Debug|Any CPU = Debug|Any CPU
		Release|Any CPU = Release|Any CPU
	EndGlobalSection
	GlobalSection(ProjectConfigurationPlatforms) = postSolution
		{C317CCCE-BA30-4074-933D-45C1C9B0269E}.Debug|Any CPU.ActiveCfg = Debug|Any CPU
		{C317CCCE-BA30-4074-933D-45C1C9B0269E}.Debug|Any CPU.Build.0 = Debug|Any CPU
		{C317CCCE-BA30-4074-933D-45C1C9B0269E}.Release|Any CPU.ActiveCfg = Release|Any CPU
		{C317CCCE-BA30-4074-933D-45C1C9B0269E}.Release|Any CPU.Build.0 = Release|Any CPU
	EndGlobalSection
	GlobalSection(SolutionProperties) = preSolution
		HideSolutionNode = FALSE
	EndGlobalSection
	GlobalSection(ExtensibilityGlobals) = postSolution
		SolutionGuid = {D8DB7318-6FE8-416F-A8AC-2F73B2D46C29}
	EndGlobalSection
EndGlobal
